
Microsoft Visual Studio Solution File, Format Version 12.00
# Visual Studio Version 17
VisualStudioVersion = 17.1.32319.34
MinimumVisualStudioVersion = 10.0.40219.1
Project("{FAE04EC0-301F-11D3-BF4B-00C04F79EFBC}") = "TodoListService", "TodoListService\TodoListService.csproj", "{AB9C3092-ECFA-4785-9E11-28370B138A3D}"
EndProject
Project("{FAE04EC0-301F-11D3-BF4B-00C04F79EFBC}") = "TodogRPCClient", "TodogRPCClient\TodogRPCClient.csproj", "{A5B0DDF3-6736-4216-BE07-3A67286ADF0A}"
EndProject
Global
	GlobalSection(SolutionConfigurationPlatforms) = preSolution
		Debug|Any CPU = Debug|Any CPU
		Release|Any CPU = Release|Any CPU
	EndGlobalSection
	GlobalSection(ProjectConfigurationPlatforms) = postSolution
		{AB9C3092-ECFA-4785-9E11-28370B138A3D}.Debug|Any CPU.ActiveCfg = Debug|Any CPU
		{AB9C3092-ECFA-4785-9E11-28370B138A3D}.Debug|Any CPU.Build.0 = Debug|Any CPU
		{AB9C3092-ECFA-4785-9E11-28370B138A3D}.Release|Any CPU.ActiveCfg = Release|Any CPU
		{AB9C3092-ECFA-4785-9E11-28370B138A3D}.Release|Any CPU.Build.0 = Release|Any CPU
		{A5B0DDF3-6736-4216-BE07-3A67286ADF0A}.Debug|Any CPU.ActiveCfg = Debug|Any CPU
		{A5B0DDF3-6736-4216-BE07-3A67286ADF0A}.Debug|Any CPU.Build.0 = Debug|Any CPU
		{A5B0DDF3-6736-4216-BE07-3A67286ADF0A}.Release|Any CPU.ActiveCfg = Release|Any CPU
		{A5B0DDF3-6736-4216-BE07-3A67286ADF0A}.Release|Any CPU.Build.0 = Release|Any CPU
	EndGlobalSection
	GlobalSection(SolutionProperties) = preSolution
		HideSolutionNode = FALSE
	EndGlobalSection
	GlobalSection(ExtensibilityGlobals) = postSolution
		SolutionGuid = {1D14C9C8-3305-48E7-BCA9-9DC965723206}
	EndGlobalSection
EndGlobal
